{
  "pins" : [
    {
      "identity" : "traversio",
      "kind" : "remoteSourceControl",
      "location" : "https://github.com/GitSwiftHQ/Traversio.git",
      "state" : {
        "revision" : "f4d4b870152e88af8cde54514084a3f0c93afcad",
        "version" : "1.0.8"
      }
    }
  ],
  "version" : 2
}
